// !$*UTF8*$!
{
	archiveVersion = 1;
	classes = {
	};
	objectVersion = 56;
	objects = {

/* Begin PBXBuildFile section */
		024030962BD589DC0003CCD2 /* HistoryTableViewCell.swift in Sources */ = {isa = PBXBuildFile; fileRef = 024030942BD589DC0003CCD2 /* HistoryTableViewCell.swift */; };
		024030972BD589DD0003CCD2 /* HistoryTableViewCell.xib in Resources */ = {isa = PBXBuildFile; fileRef = 024030952BD589DC0003CCD2 /* HistoryTableViewCell.xib */; };
		0260F2282BB2DE0F00AB3550 /* TinkoffCalculatorUITests.swift in Sources */ = {isa = PBXBuildFile; fileRef = 0260F2272BB2DE0F00AB3550 /* TinkoffCalculatorUITests.swift */; };
		0260F22A2BB2DE0F00AB3550 /* TinkoffCalculatorUITestsLaunchTests.swift in Sources */ = {isa = PBXBuildFile; fileRef = 0260F2292BB2DE0F00AB3550 /* TinkoffCalculatorUITestsLaunchTests.swift */; };
		0260F2372BB2DE4400AB3550 /* TinkoffCalculatorTests.swift in Sources */ = {isa = PBXBuildFile; fileRef = 0260F2362BB2DE4400AB3550 /* TinkoffCalculatorTests.swift */; };
		028E11432B766449006F6832 /* AppDelegate.swift in Sources */ = {isa = PBXBuildFile; fileRef = 028E11422B766449006F6832 /* AppDelegate.swift */; };
		028E11452B766449006F6832 /* SceneDelegate.swift in Sources */ = {isa = PBXBuildFile; fileRef = 028E11442B766449006F6832 /* SceneDelegate.swift */; };
		028E11472B766449006F6832 /* ViewController.swift in Sources */ = {isa = PBXBuildFile; fileRef = 028E11462B766449006F6832 /* ViewController.swift */; };
		028E114A2B766449006F6832 /* Main.storyboard in Resources */ = {isa = PBXBuildFile; fileRef = 028E11482B766449006F6832 /* Main.storyboard */; };
		028E114C2B76644D006F6832 /* Assets.xcassets in Resources */ = {isa = PBXBuildFile; fileRef = 028E114B2B76644D006F6832 /* Assets.xcassets */; };
		028E114F2B76644D006F6832 /* LaunchScreen.storyboard in Resources */ = {isa = PBXBuildFile; fileRef = 028E114D2B76644D006F6832 /* LaunchScreen.storyboard */; };
		02E790172BD52F1D00A85BB7 /* CalculationListViewController.swift in Sources */ = {isa = PBXBuildFile; fileRef = 02E790162BD52F1D00A85BB7 /* CalculationListViewController.swift */; };
/* End PBXBuildFile section */

/* Begin PBXContainerItemProxy section */
		0260F22B2BB2DE0F00AB3550 /* PBXContainerItemProxy */ = {
			isa = PBXContainerItemProxy;
			containerPortal = 028E11372B766449006F6832 /* Project object */;
			proxyType = 1;
			remoteGlobalIDString = 028E113E2B766449006F6832;
			remoteInfo = TinkoffCalculator;
		};
		0260F2382BB2DE4400AB3550 /* PBXContainerItemProxy */ = {
			isa = PBXContainerItemProxy;
			containerPortal = 028E11372B766449006F6832 /* Project object */;
			proxyType = 1;
			remoteGlobalIDString = 028E113E2B766449006F6832;
			remoteInfo = TinkoffCalculator;
		};
/* End PBXContainerItemProxy section */

/* Begin PBXFileReference section */
		024030942BD589DC0003CCD2 /* HistoryTableViewCell.swift */ = {isa = PBXFileReference; lastKnownFileType = sourcecode.swift; path = HistoryTableViewCell.swift; sourceTree = "<group>"; };
		024030952BD589DC0003CCD2 /* HistoryTableViewCell.xib */ = {isa = PBXFileReference; lastKnownFileType = file.xib; path = HistoryTableViewCell.xib; sourceTree = "<group>"; };
		0260F2252BB2DE0F00AB3550 /* TinkoffCalculatorUITests.xctest */ = {isa = PBXFileReference; explicitFileType = wrapper.cfbundle; includeInIndex = 0; path = TinkoffCalculatorUITests.xctest; sourceTree = BUILT_PRODUCTS_DIR; };
		0260F2272BB2DE0F00AB3550 /* TinkoffCalculatorUITests.swift */ = {isa = PBXFileReference; lastKnownFileType = sourcecode.swift; path = TinkoffCalculatorUITests.swift; sourceTree = "<group>"; };
		0260F2292BB2DE0F00AB3550 /* TinkoffCalculatorUITestsLaunchTests.swift */ = {isa = PBXFileReference; lastKnownFileType = sourcecode.swift; path = TinkoffCalculatorUITestsLaunchTests.swift; sourceTree = "<group>"; };
		0260F2342BB2DE4400AB3550 /* TinkoffCalculatorTests.xctest */ = {isa = PBXFileReference; explicitFileType = wrapper.cfbundle; includeInIndex = 0; path = TinkoffCalculatorTests.xctest; sourceTree = BUILT_PRODUCTS_DIR; };
		0260F2362BB2DE4400AB3550 /* TinkoffCalculatorTests.swift */ = {isa = PBXFileReference; lastKnownFileType = sourcecode.swift; path = TinkoffCalculatorTests.swift; sourceTree = "<group>"; };
		028E113F2B766449006F6832 /* TinkoffCalculator.app */ = {isa = PBXFileReference; explicitFileType = wrapper.application; includeInIndex = 0; path = TinkoffCalculator.app; sourceTree = BUILT_PRODUCTS_DIR; };
		028E11422B766449006F6832 /* AppDelegate.swift */ = {isa = PBXFileReference; lastKnownFileType = sourcecode.swift; path = AppDelegate.swift; sourceTree = "<group>"; };
		028E11442B766449006F6832 /* SceneDelegate.swift */ = {isa = PBXFileReference; lastKnownFileType = sourcecode.swift; path = SceneDelegate.swift; sourceTree = "<group>"; };
		028E11462B766449006F6832 /* ViewController.swift */ = {isa = PBXFileReference; lastKnownFileType = sourcecode.swift; path = ViewController.swift; sourceTree = "<group>"; };
		028E11492B766449006F6832 /* Base */ = {isa = PBXFileReference; lastKnownFileType = file.storyboard; name = Base; path = Base.lproj/Main.storyboard; sourceTree = "<group>"; };
		028E114B2B76644D006F6832 /* Assets.xcassets */ = {isa = PBXFileReference; lastKnownFileType = folder.assetcatalog; path = Assets.xcassets; sourceTree = "<group>"; };
		028E114E2B76644D006F6832 /* Base */ = {isa = PBXFileReference; lastKnownFileType = file.storyboard; name = Base; path = Base.lproj/LaunchScreen.storyboard; sourceTree = "<group>"; };
		028E11502B76644D006F6832 /* Info.plist */ = {isa = PBXFileReference; lastKnownFileType = text.plist.xml; path = Info.plist; sourceTree = "<group>"; };
		02E790162BD52F1D00A85BB7 /* CalculationListViewController.swift */ = {isa = PBXFileReference; lastKnownFileType = sourcecode.swift; path = CalculationListViewController.swift; sourceTree = "<group>"; };
/* End PBXFileReference section */

/* Begin PBXFrameworksBuildPhase section */
		0260F2222BB2DE0F00AB3550 /* Frameworks */ = {
			isa = PBXFrameworksBuildPhase;
			buildActionMask = 2147483647;
			files = (
			);
			runOnlyForDeploymentPostprocessing = 0;
		};
		0260F2312BB2DE4400AB3550 /* Frameworks */ = {
			isa = PBXFrameworksBuildPhase;
			buildActionMask = 2147483647;
			files = (
			);
			runOnlyForDeploymentPostprocessing = 0;
		};
		028E113C2B766449006F6832 /* Frameworks */ = {
			isa = PBXFrameworksBuildPhase;
			buildActionMask = 2147483647;
			files = (
			);
			runOnlyForDeploymentPostprocessing = 0;
		};
/* End PBXFrameworksBuildPhase section */

/* Begin PBXGroup section */
		024030932BD589AE0003CCD2 /* History */ = {
			isa = PBXGroup;
			children = (
				02E790162BD52F1D00A85BB7 /* CalculationListViewController.swift */,
				024030942BD589DC0003CCD2 /* HistoryTableViewCell.swift */,
				024030952BD589DC0003CCD2 /* HistoryTableViewCell.xib */,
			);
			path = History;
			sourceTree = "<group>";
		};
		0260F2262BB2DE0F00AB3550 /* TinkoffCalculatorUITests */ = {
			isa = PBXGroup;
			children = (
				0260F2272BB2DE0F00AB3550 /* TinkoffCalculatorUITests.swift */,
				0260F2292BB2DE0F00AB3550 /* TinkoffCalculatorUITestsLaunchTests.swift */,
			);
			path = TinkoffCalculatorUITests;
			sourceTree = "<group>";
		};
		0260F2352BB2DE4400AB3550 /* TinkoffCalculatorTests */ = {
			isa = PBXGroup;
			children = (
				0260F2362BB2DE4400AB3550 /* TinkoffCalculatorTests.swift */,
			);
			path = TinkoffCalculatorTests;
			sourceTree = "<group>";
		};
		028E11362B766448006F6832 = {
			isa = PBXGroup;
			children = (
				028E11412B766449006F6832 /* TinkoffCalculator */,
				0260F2262BB2DE0F00AB3550 /* TinkoffCalculatorUITests */,
				0260F2352BB2DE4400AB3550 /* TinkoffCalculatorTests */,
				028E11402B766449006F6832 /* Products */,
			);
			sourceTree = "<group>";
		};
		028E11402B766449006F6832 /* Products */ = {
			isa = PBXGroup;
			children = (
				028E113F2B766449006F6832 /* TinkoffCalculator.app */,
				0260F2252BB2DE0F00AB3550 /* TinkoffCalculatorUITests.xctest */,
				0260F2342BB2DE4400AB3550 /* TinkoffCalculatorTests.xctest */,
			);
			name = Products;
			sourceTree = "<group>";
		};
		028E11412B766449006F6832 /* TinkoffCalculator */ = {
			isa = PBXGroup;
			children = (
				028E11422B766449006F6832 /* AppDelegate.swift */,
				028E11442B766449006F6832 /* SceneDelegate.swift */,
				024030932BD589AE0003CCD2 /* History */,
				028E11462B766449006F6832 /* ViewController.swift */,
				028E11482B766449006F6832 /* Main.storyboard */,
				028E114B2B76644D006F6832 /* Assets.xcassets */,
				028E114D2B76644D006F6832 /* LaunchScreen.storyboard */,
				028E11502B76644D006F6832 /* Info.plist */,
			);
			path = TinkoffCalculator;
			sourceTree = "<group>";
		};
/* End PBXGroup section */

/* Begin PBXNativeTarget section */
		0260F2242BB2DE0F00AB3550 /* TinkoffCalculatorUITests */ = {
			isa = PBXNativeTarget;
			buildConfigurationList = 0260F22F2BB2DE0F00AB3550 /* Build configuration list for PBXNativeTarget "TinkoffCalculatorUITests" */;
			buildPhases = (
				0260F2212BB2DE0F00AB3550 /* Sources */,
				0260F2222BB2DE0F00AB3550 /* Frameworks */,
				0260F2232BB2DE0F00AB3550 /* Resources */,
			);
			buildRules = (
			);
			dependencies = (
				0260F22C2BB2DE0F00AB3550 /* PBXTargetDependency */,
			);
			name = TinkoffCalculatorUITests;
			productName = TinkoffCalculatorUITests;
			productReference = 0260F2252BB2DE0F00AB3550 /* TinkoffCalculatorUITests.xctest */;
			productType = "com.apple.product-type.bundle.ui-testing";
		};
		0260F2332BB2DE4400AB3550 /* TinkoffCalculatorTests */ = {
			isa = PBXNativeTarget;
			buildConfigurationList = 0260F23A2BB2DE4500AB3550 /* Build configuration list for PBXNativeTarget "TinkoffCalculatorTests" */;
			buildPhases = (
				0260F2302BB2DE4400AB3550 /* Sources */,
				0260F2312BB2DE4400AB3550 /* Frameworks */,
				0260F2322BB2DE4400AB3550 /* Resources */,
			);
			buildRules = (
			);
			dependencies = (
				0260F2392BB2DE4400AB3550 /* PBXTargetDependency */,
			);
			name = TinkoffCalculatorTests;
			productName = TinkoffCalculatorTests;
			productReference = 0260F2342BB2DE4400AB3550 /* TinkoffCalculatorTests.xctest */;
			productType = "com.apple.product-type.bundle.unit-test";
		};
		028E113E2B766449006F6832 /* TinkoffCalculator */ = {
			isa = PBXNativeTarget;
			buildConfigurationList = 028E11532B76644D006F6832 /* Build configuration list for PBXNativeTarget "TinkoffCalculator" */;
			buildPhases = (
				028E113B2B766449006F6832 /* Sources */,
				028E113C2B766449006F6832 /* Frameworks */,
				028E113D2B766449006F6832 /* Resources */,
			);
			buildRules = (
			);
			dependencies = (
			);
			name = TinkoffCalculator;
			productName = TinkoffCalculator;
			productReference = 028E113F2B766449006F6832 /* TinkoffCalculator.app */;
			productType = "com.apple.product-type.application";
		};
/* End PBXNativeTarget section */

/* Begin PBXProject section */
		028E11372B766449006F6832 /* Project object */ = {
			isa = PBXProject;
			attributes = {
				BuildIndependentTargetsInParallel = 1;
				LastSwiftUpdateCheck = 1520;
				LastUpgradeCheck = 1520;
				TargetAttributes = {
					0260F2242BB2DE0F00AB3550 = {
						CreatedOnToolsVersion = 15.2;
						TestTargetID = 028E113E2B766449006F6832;
					};
					0260F2332BB2DE4400AB3550 = {
						CreatedOnToolsVersion = 15.2;
						TestTargetID = 028E113E2B766449006F6832;
					};
					028E113E2B766449006F6832 = {
						CreatedOnToolsVersion = 15.2;
					};
				};
			};
			buildConfigurationList = 028E113A2B766449006F6832 /* Build configuration list for PBXProject "TinkoffCalculator" */;
			compatibilityVersion = "Xcode 14.0";
			developmentRegion = en;
			hasScannedForEncodings = 0;
			knownRegions = (
				en,
				Base,
			);
			mainGroup = 028E11362B766448006F6832;
			productRefGroup = 028E11402B766449006F6832 /* Products */;
			projectDirPath = "";
			projectRoot = "";
			targets = (
				028E113E2B766449006F6832 /* TinkoffCalculator */,
				0260F2242BB2DE0F00AB3550 /* TinkoffCalculatorUITests */,
				0260F2332BB2DE4400AB3550 /* TinkoffCalculatorTests */,
			);
		};
/* End PBXProject section */

/* Begin PBXResourcesBuildPhase section */
		0260F2232BB2DE0F00AB3550 /* Resources */ = {
			isa = PBXResourcesBuildPhase;
			buildActionMask = 2147483647;
			files = (
			);
			runOnlyForDeploymentPostprocessing = 0;
		};
		0260F2322BB2DE4400AB3550 /* Resources */ = {
			isa = PBXResourcesBuildPhase;
			buildActionMask = 2147483647;
			files = (
			);
			runOnlyForDeploymentPostprocessing = 0;
		};
		028E113D2B766449006F6832 /* Resources */ = {
			isa = PBXResourcesBuildPhase;
			buildActionMask = 2147483647;
			files = (
				028E114F2B76644D006F6832 /* LaunchScreen.storyboard in Resources */,
				028E114C2B76644D006F6832 /* Assets.xcassets in Resources */,
				024030972BD589DD0003CCD2 /* HistoryTableViewCell.xib in Resources */,
				028E114A2B766449006F6832 /* Main.storyboard in Resources */,
			);
			runOnlyForDeploymentPostprocessing = 0;
		};
/* End PBXResourcesBuildPhase section */

/* Begin PBXSourcesBuildPhase section */
		0260F2212BB2DE0F00AB3550 /* Sources */ = {
			isa = PBXSourcesBuildPhase;
			buildActionMask = 2147483647;
			files = (
				0260F22A2BB2DE0F00AB3550 /* TinkoffCalculatorUITestsLaunchTests.swift in Sources */,
				0260F2282BB2DE0F00AB3550 /* TinkoffCalculatorUITests.swift in Sources */,
			);
			runOnlyForDeploymentPostprocessing = 0;
		};
		0260F2302BB2DE4400AB3550 /* Sources */ = {
			isa = PBXSourcesBuildPhase;
			buildActionMask = 2147483647;
			files = (
				0260F2372BB2DE4400AB3550 /* TinkoffCalculatorTests.swift in Sources */,
			);
			runOnlyForDeploymentPostprocessing = 0;
		};
		028E113B2B766449006F6832 /* Sources */ = {
			isa = PBXSourcesBuildPhase;
			buildActionMask = 2147483647;
			files = (
				02E790172BD52F1D00A85BB7 /* CalculationListViewController.swift in Sources */,
				028E11472B766449006F6832 /* ViewController.swift in Sources */,
				028E11432B766449006F6832 /* AppDelegate.swift in Sources */,
				028E11452B766449006F6832 /* SceneDelegate.swift in Sources */,
				024030962BD589DC0003CCD2 /* HistoryTableViewCell.swift in Sources */,
			);
			runOnlyForDeploymentPostprocessing = 0;
		};
/* End PBXSourcesBuildPhase section */

/* Begin PBXTargetDependency section */
		0260F22C2BB2DE0F00AB3550 /* PBXTargetDependency */ = {
			isa = PBXTargetDependency;
			target = 028E113E2B766449006F6832 /* TinkoffCalculator */;
			targetProxy = 0260F22B2BB2DE0F00AB3550 /* PBXContainerItemProxy */;
		};
		0260F2392BB2DE4400AB3550 /* PBXTargetDependency */ = {
			isa = PBXTargetDependency;
			target = 028E113E2B766449006F6832 /* TinkoffCalculator */;
			targetProxy = 0260F2382BB2DE4400AB3550 /* PBXContainerItemProxy */;
		};
/* End PBXTargetDependency section */

/* Begin PBXVariantGroup section */
		028E11482B766449006F6832 /* Main.storyboard */ = {
			isa = PBXVariantGroup;
			children = (
				028E11492B766449006F6832 /* Base */,
			);
			name = Main.storyboard;
			sourceTree = "<group>";
		};
		028E114D2B76644D006F6832 /* LaunchScreen.storyboard */ = {
			isa = PBXVariantGroup;
			children = (
				028E114E2B76644D006F6832 /* Base */,
			);
			name = LaunchScreen.storyboard;
			sourceTree = "<group>";
		};
/* End PBXVariantGroup section */

/* Begin XCBuildConfiguration section */
		0260F22D2BB2DE0F00AB3550 /* Debug */ = {
			isa = XCBuildConfiguration;
			buildSettings = {
				CODE_SIGN_STYLE = Automatic;
				CURRENT_PROJECT_VERSION = 1;
				DEVELOPMENT_TEAM = 3WCYJPR9TJ;
				GENERATE_INFOPLIST_FILE = YES;
				IPHONEOS_DEPLOYMENT_TARGET = 16.4;
				MARKETING_VERSION = 1.0;
				PRODUCT_BUNDLE_IDENTIFIER = com.karinakovaleva.TinkoffCalculatorUITests;
				PRODUCT_NAME = "$(TARGET_NAME)";
				SWIFT_EMIT_LOC_STRINGS = NO;
				SWIFT_VERSION = 5.0;
				TARGETED_DEVICE_FAMILY = "1,2";
				TEST_TARGET_NAME = TinkoffCalculator;
			};
			name = Debug;
		};
		0260F22E2BB2DE0F00AB3550 /* Release */ = {
			isa = XCBuildConfiguration;
			buildSettings = {
				CODE_SIGN_STYLE = Automatic;
				CURRENT_PROJECT_VERSION = 1;
				DEVELOPMENT_TEAM = 3WCYJPR9TJ;
				GENERATE_INFOPLIST_FILE = YES;
				IPHONEOS_DEPLOYMENT_TARGET = 16.4;
				MARKETING_VERSION = 1.0;
				PRODUCT_BUNDLE_IDENTIFIER = com.karinakovaleva.TinkoffCalculatorUITests;
				PRODUCT_NAME = "$(TARGET_NAME)";
				SWIFT_EMIT_LOC_STRINGS = NO;
				SWIFT_VERSION = 5.0;
				TARGETED_DEVICE_FAMILY = "1,2";
				TEST_TARGET_NAME = TinkoffCalculator;
			};
			name = Release;
		};
		0260F23B2BB2DE4500AB3550 /* Debug */ = {
			isa = XCBuildConfiguration;
			buildSettings = {
				BUNDLE_LOADER = "$(TEST_HOST)";
				CODE_SIGN_STYLE = Automatic;
				CURRENT_PROJECT_VERSION = 1;
				DEVELOPMENT_TEAM = 3WCYJPR9TJ;
				GENERATE_INFOPLIST_FILE = YES;
				IPHONEOS_DEPLOYMENT_TARGET = 16.4;
				MARKETING_VERSION = 1.0;
				PRODUCT_BUNDLE_IDENTIFIER = com.karinakovaleva.TinkoffCalculatorTests;
				PRODUCT_NAME = "$(TARGET_NAME)";
				SWIFT_EMIT_LOC_STRINGS = NO;
				SWIFT_VERSION = 5.0;
				TARGETED_DEVICE_FAMILY = "1,2";
				TEST_HOST = "$(BUILT_PRODUCTS_DIR)/TinkoffCalculator.app/$(BUNDLE_EXECUTABLE_FOLDER_PATH)/TinkoffCalculator";
			};
			name = Debug;
		};
		0260F23C2BB2DE4500AB3550 /* Release */ = {
			isa = XCBuildConfiguration;
			buildSettings = {
				BUNDLE_LOADER = "$(TEST_HOST)";
				CODE_SIGN_STYLE = Automatic;
				CURRENT_PROJECT_VERSION = 1;
				DEVELOPMENT_TEAM = 3WCYJPR9TJ;
				GENERATE_INFOPLIST_FILE = YES;
				IPHONEOS_DEPLOYMENT_TARGET = 16.4;
				MARKETING_VERSION = 1.0;
				PRODUCT_BUNDLE_IDENTIFIER = com.karinakovaleva.TinkoffCalculatorTests;
				PRODUCT_NAME = "$(TARGET_NAME)";
				SWIFT_EMIT_LOC_STRINGS = NO;
				SWIFT_VERSION = 5.0;
				TARGETED_DEVICE_FAMILY = "1,2";
				TEST_HOST = "$(BUILT_PRODUCTS_DIR)/TinkoffCalculator.app/$(BUNDLE_EXECUTABLE_FOLDER_PATH)/TinkoffCalculator";
			};
			name = Release;
		};
		028E11512B76644D006F6832 /* Debug */ = {
			isa = XCBuildConfiguration;
			buildSettings = {
				ALWAYS_SEARCH_USER_PATHS = NO;
				ASSETCATALOG_COMPILER_GENERATE_SWIFT_ASSET_SYMBOL_EXTENSIONS = YES;
				CLANG_ANALYZER_NONNULL = YES;
				CLANG_ANALYZER_NUMBER_OBJECT_CONVERSION = YES_AGGRESSIVE;
				CLANG_CXX_LANGUAGE_STANDARD = "gnu++20";
				CLANG_ENABLE_MODULES = YES;
				CLANG_ENABLE_OBJC_ARC = YES;
				CLANG_ENABLE_OBJC_WEAK = YES;
				CLANG_WARN_BLOCK_CAPTURE_AUTORELEASING = YES;
				CLANG_WARN_BOOL_CONVERSION = YES;
				CLANG_WARN_COMMA = YES;
				CLANG_WARN_CONSTANT_CONVERSION = YES;
				CLANG_WARN_DEPRECATED_OBJC_IMPLEMENTATIONS = YES;
				CLANG_WARN_DIRECT_OBJC_ISA_USAGE = YES_ERROR;
				CLANG_WARN_DOCUMENTATION_COMMENTS = YES;
				CLANG_WARN_EMPTY_BODY = YES;
				CLANG_WARN_ENUM_CONVERSION = YES;
				CLANG_WARN_INFINITE_RECURSION = YES;
				CLANG_WARN_INT_CONVERSION = YES;
				CLANG_WARN_NON_LITERAL_NULL_CONVERSION = YES;
				CLANG_WARN_OBJC_IMPLICIT_RETAIN_SELF = YES;
				CLANG_WARN_OBJC_LITERAL_CONVERSION = YES;
				CLANG_WARN_OBJC_ROOT_CLASS = YES_ERROR;
				CLANG_WARN_QUOTED_INCLUDE_IN_FRAMEWORK_HEADER = YES;
				CLANG_WARN_RANGE_LOOP_ANALYSIS = YES;
				CLANG_WARN_STRICT_PROTOTYPES = YES;
				CLANG_WARN_SUSPICIOUS_MOVE = YES;
				CLANG_WARN_UNGUARDED_AVAILABILITY = YES_AGGRESSIVE;
				CLANG_WARN_UNREACHABLE_CODE = YES;
				CLANG_WARN__DUPLICATE_METHOD_MATCH = YES;
				COPY_PHASE_STRIP = NO;
				DEBUG_INFORMATION_FORMAT = dwarf;
				ENABLE_STRICT_OBJC_MSGSEND = YES;
				ENABLE_TESTABILITY = YES;
				ENABLE_USER_SCRIPT_SANDBOXING = YES;
				GCC_C_LANGUAGE_STANDARD = gnu17;
				GCC_DYNAMIC_NO_PIC = NO;
				GCC_NO_COMMON_BLOCKS = YES;
				GCC_OPTIMIZATION_LEVEL = 0;
				GCC_PREPROCESSOR_DEFINITIONS = (
					"DEBUG=1",
					"$(inherited)",
				);
				GCC_WARN_64_TO_32_BIT_CONVERSION = YES;
				GCC_WARN_ABOUT_RETURN_TYPE = YES_ERROR;
				GCC_WARN_UNDECLARED_SELECTOR = YES;
				GCC_WARN_UNINITIALIZED_AUTOS = YES_AGGRESSIVE;
				GCC_WARN_UNUSED_FUNCTION = YES;
				GCC_WARN_UNUSED_VARIABLE = YES;
				IPHONEOS_DEPLOYMENT_TARGET = 16.4;
				LOCALIZATION_PREFERS_STRING_CATALOGS = YES;
				MTL_ENABLE_DEBUG_INFO = INCLUDE_SOURCE;
				MTL_FAST_MATH = YES;
				ONLY_ACTIVE_ARCH = YES;
				SDKROOT = iphoneos;
				SWIFT_ACTIVE_COMPILATION_CONDITIONS = "DEBUG $(inherited)";
				SWIFT_OPTIMIZATION_LEVEL = "-Onone";
			};
			name = Debug;
		};
		028E11522B76644D006F6832 /* Release */ = {
			isa = XCBuildConfiguration;
			buildSettings = {
				ALWAYS_SEARCH_USER_PATHS = NO;
				ASSETCATALOG_COMPILER_GENERATE_SWIFT_ASSET_SYMBOL_EXTENSIONS = YES;
				CLANG_ANALYZER_NONNULL = YES;
				CLANG_ANALYZER_NUMBER_OBJECT_CONVERSION = YES_AGGRESSIVE;
				CLANG_CXX_LANGUAGE_STANDARD = "gnu++20";
				CLANG_ENABLE_MODULES = YES;
				CLANG_ENABLE_OBJC_ARC = YES;
				CLANG_ENABLE_OBJC_WEAK = YES;
				CLANG_WARN_BLOCK_CAPTURE_AUTORELEASING = YES;
				CLANG_WARN_BOOL_CONVERSION = YES;
				CLANG_WARN_COMMA = YES;
				CLANG_WARN_CONSTANT_CONVERSION = YES;
				CLANG_WARN_DEPRECATED_OBJC_IMPLEMENTATIONS = YES;
				CLANG_WARN_DIRECT_OBJC_ISA_USAGE = YES_ERROR;
				CLANG_WARN_DOCUMENTATION_COMMENTS = YES;
				CLANG_WARN_EMPTY_BODY = YES;
				CLANG_WARN_ENUM_CONVERSION = YES;
				CLANG_WARN_INFINITE_RECURSION = YES;
				CLANG_WARN_INT_CONVERSION = YES;
				CLANG_WARN_NON_LITERAL_NULL_CONVERSION = YES;
				CLANG_WARN_OBJC_IMPLICIT_RETAIN_SELF = YES;
				CLANG_WARN_OBJC_LITERAL_CONVERSION = YES;
				CLANG_WARN_OBJC_ROOT_CLASS = YES_ERROR;
				CLANG_WARN_QUOTED_INCLUDE_IN_FRAMEWORK_HEADER = YES;
				CLANG_WARN_RANGE_LOOP_ANALYSIS = YES;
				CLANG_WARN_STRICT_PROTOTYPES = YES;
				CLANG_WARN_SUSPICIOUS_MOVE = YES;
				CLANG_WARN_UNGUARDED_AVAILABILITY = YES_AGGRESSIVE;
				CLANG_WARN_UNREACHABLE_CODE = YES;
				CLANG_WARN__DUPLICATE_METHOD_MATCH = YES;
				COPY_PHASE_STRIP = NO;
				DEBUG_INFORMATION_FORMAT = "dwarf-with-dsym";
				ENABLE_NS_ASSERTIONS = NO;
				ENABLE_STRICT_OBJC_MSGSEND = YES;
				ENABLE_USER_SCRIPT_SANDBOXING = YES;
				GCC_C_LANGUAGE_STANDARD = gnu17;
				GCC_NO_COMMON_BLOCKS = YES;
				GCC_WARN_64_TO_32_BIT_CONVERSION = YES;
				GCC_WARN_ABOUT_RETURN_TYPE = YES_ERROR;
				GCC_WARN_UNDECLARED_SELECTOR = YES;
				GCC_WARN_UNINITIALIZED_AUTOS = YES_AGGRESSIVE;
				GCC_WARN_UNUSED_FUNCTION = YES;
				GCC_WARN_UNUSED_VARIABLE = YES;
				IPHONEOS_DEPLOYMENT_TARGET = 16.4;
				LOCALIZATION_PREFERS_STRING_CATALOGS = YES;
				MTL_ENABLE_DEBUG_INFO = NO;
				MTL_FAST_MATH = YES;
				SDKROOT = iphoneos;
				SWIFT_COMPILATION_MODE = wholemodule;
				VALIDATE_PRODUCT = YES;
			};
			name = Release;
		};
		028E11542B76644D006F6832 /* Debug */ = {
			isa = XCBuildConfiguration;
			buildSettings = {
				ASSETCATALOG_COMPILER_APPICON_NAME = AppIcon;
				ASSETCATALOG_COMPILER_GLOBAL_ACCENT_COLOR_NAME = AccentColor;
				CODE_SIGN_STYLE = Automatic;
				CURRENT_PROJECT_VERSION = 1;
				DEVELOPMENT_TEAM = 3WCYJPR9TJ;
				GENERATE_INFOPLIST_FILE = YES;
				INFOPLIST_FILE = TinkoffCalculator/Info.plist;
				INFOPLIST_KEY_UIApplicationSupportsIndirectInputEvents = YES;
				INFOPLIST_KEY_UILaunchStoryboardName = LaunchScreen;
				INFOPLIST_KEY_UIMainStoryboardFile = Main;
				INFOPLIST_KEY_UISupportedInterfaceOrientations_iPad = "UIInterfaceOrientationPortrait UIInterfaceOrientationPortraitUpsideDown UIInterfaceOrientationLandscapeLeft UIInterfaceOrientationLandscapeRight";
				INFOPLIST_KEY_UISupportedInterfaceOrientations_iPhone = "UIInterfaceOrientationPortrait UIInterfaceOrientationLandscapeLeft UIInterfaceOrientationLandscapeRight";
				IPHONEOS_DEPLOYMENT_TARGET = 16.4;
				LD_RUNPATH_SEARCH_PATHS = (
					"$(inherited)",
					"@executable_path/Frameworks",
				);
				MARKETING_VERSION = 1.0;
				PRODUCT_BUNDLE_IDENTIFIER = com.karinakovaleva.TinkoffCalculator;
				PRODUCT_NAME = "$(TARGET_NAME)";
				SWIFT_EMIT_LOC_STRINGS = YES;
				SWIFT_VERSION = 5.0;
				TARGETED_DEVICE_FAMILY = "1,2";
			};
			name = Debug;
		};
		028E11552B76644D006F6832 /* Release */ = {
			isa = XCBuildConfiguration;
			buildSettings = {
				ASSETCATALOG_COMPILER_APPICON_NAME = AppIcon;
				ASSETCATALOG_COMPILER_GLOBAL_ACCENT_COLOR_NAME = AccentColor;
				CODE_SIGN_STYLE = Automatic;
				CURRENT_PROJECT_VERSION = 1;
				DEVELOPMENT_TEAM = 3WCYJPR9TJ;
				GENERATE_INFOPLIST_FILE = YES;
				INFOPLIST_FILE = TinkoffCalculator/Info.plist;
				INFOPLIST_KEY_UIApplicationSupportsIndirectInputEvents = YES;
				INFOPLIST_KEY_UILaunchStoryboardName = LaunchScreen;
				INFOPLIST_KEY_UIMainStoryboardFile = Main;
				INFOPLIST_KEY_UISupportedInterfaceOrientations_iPad = "UIInterfaceOrientationPortrait UIInterfaceOrientationPortraitUpsideDown UIInterfaceOrientationLandscapeLeft UIInterfaceOrientationLandscapeRight";
				INFOPLIST_KEY_UISupportedInterfaceOrientations_iPhone = "UIInterfaceOrientationPortrait UIInterfaceOrientationLandscapeLeft UIInterfaceOrientationLandscapeRight";
				IPHONEOS_DEPLOYMENT_TARGET = 16.4;
				LD_RUNPATH_SEARCH_PATHS = (
					"$(inherited)",
					"@executable_path/Frameworks",
				);
				MARKETING_VERSION = 1.0;
				PRODUCT_BUNDLE_IDENTIFIER = com.karinakovaleva.TinkoffCalculator;
				PRODUCT_NAME = "$(TARGET_NAME)";
				SWIFT_EMIT_LOC_STRINGS = YES;
				SWIFT_VERSION = 5.0;
				TARGETED_DEVICE_FAMILY = "1,2";
			};
			name = Release;
		};
/* End XCBuildConfiguration section */

/* Begin XCConfigurationList section */
		0260F22F2BB2DE0F00AB3550 /* Build configuration list for PBXNativeTarget "TinkoffCalculatorUITests" */ = {
			isa = XCConfigurationList;
			buildConfigurations = (
				0260F22D2BB2DE0F00AB3550 /* Debug */,
				0260F22E2BB2DE0F00AB3550 /* Release */,
			);
			defaultConfigurationIsVisible = 0;
			defaultConfigurationName = Release;
		};
		0260F23A2BB2DE4500AB3550 /* Build configuration list for PBXNativeTarget "TinkoffCalculatorTests" */ = {
			isa = XCConfigurationList;
			buildConfigurations = (
				0260F23B2BB2DE4500AB3550 /* Debug */,
				0260F23C2BB2DE4500AB3550 /* Release */,
			);
			defaultConfigurationIsVisible = 0;
			defaultConfigurationName = Release;
		};
		028E113A2B766449006F6832 /* Build configuration list for PBXProject "TinkoffCalculator" */ = {
			isa = XCConfigurationList;
			buildConfigurations = (
				028E11512B76644D006F6832 /* Debug */,
				028E11522B76644D006F6832 /* Release */,
			);
			defaultConfigurationIsVisible = 0;
			defaultConfigurationName = Release;
		};
		028E11532B76644D006F6832 /* Build configuration list for PBXNativeTarget "TinkoffCalculator" */ = {
			isa = XCConfigurationList;
			buildConfigurations = (
				028E11542B76644D006F6832 /* Debug */,
				028E11552B76644D006F6832 /* Release */,
			);
			defaultConfigurationIsVisible = 0;
			defaultConfigurationName = Release;
		};
/* End XCConfigurationList section */
	};
	rootObject = 028E11372B766449006F6832 /* Project object */;
}
